
Microsoft Visual Studio Solution File, Format Version 12.00
# Visual Studio Version 17
VisualStudioVersion = 17.7.34018.315
MinimumVisualStudioVersion = 10.0.40219.1
Project("{FAE04EC0-301F-11D3-BF4B-00C04F79EFBC}") = "Dashboard.Contracts", "Dashboard.Contracts.csproj", "{BC0559C3-0D97-42D3-9290-475D49031237}"
EndProject
Global
	GlobalSection(SolutionConfigurationPlatforms) = preSolution
		Debug|Any CPU = Debug|Any CPU
		Release|Any CPU = Release|Any CPU
	EndGlobalSection
	GlobalSection(ProjectConfigurationPlatforms) = postSolution
		{BC0559C3-0D97-42D3-9290-475D49031237}.Debug|Any CPU.ActiveCfg = Debug|Any CPU
		{BC0559C3-0D97-42D3-9290-475D49031237}.Debug|Any CPU.Build.0 = Debug|Any CPU
		{BC0559C3-0D97-42D3-9290-475D49031237}.Release|Any CPU.ActiveCfg = Release|Any CPU
		{BC0559C3-0D97-42D3-9290-475D49031237}.Release|Any CPU.Build.0 = Release|Any CPU
	EndGlobalSection
	GlobalSection(SolutionProperties) = preSolution
		HideSolutionNode = FALSE
	EndGlobalSection
	GlobalSection(ExtensibilityGlobals) = postSolution
		SolutionGuid = {A662B37B-38BF-4143-BF49-2C35CE33831B}
	EndGlobalSection
EndGlobal
