
Microsoft Visual Studio Solution File, Format Version 12.00
# Visual Studio Version 17
VisualStudioVersion = 17.7.34018.315
MinimumVisualStudioVersion = 10.0.40219.1
Project("{FAE04EC0-301F-11D3-BF4B-00C04F79EFBC}") = "Dashboard.Infrastructure.DataAcc", "Dashboard.Infrastructure.DataAcc.csproj", "{5EF46364-A130-4E80-A411-6F6AE4718AE5}"
EndProject
Global
	GlobalSection(SolutionConfigurationPlatforms) = preSolution
		Debug|Any CPU = Debug|Any CPU
		Release|Any CPU = Release|Any CPU
	EndGlobalSection
	GlobalSection(ProjectConfigurationPlatforms) = postSolution
		{5EF46364-A130-4E80-A411-6F6AE4718AE5}.Debug|Any CPU.ActiveCfg = Debug|Any CPU
		{5EF46364-A130-4E80-A411-6F6AE4718AE5}.Debug|Any CPU.Build.0 = Debug|Any CPU
		{5EF46364-A130-4E80-A411-6F6AE4718AE5}.Release|Any CPU.ActiveCfg = Release|Any CPU
		{5EF46364-A130-4E80-A411-6F6AE4718AE5}.Release|Any CPU.Build.0 = Release|Any CPU
	EndGlobalSection
	GlobalSection(SolutionProperties) = preSolution
		HideSolutionNode = FALSE
	EndGlobalSection
	GlobalSection(ExtensibilityGlobals) = postSolution
		SolutionGuid = {68BF0381-E39B-4837-9A0C-EDEEEBD20565}
	EndGlobalSection
EndGlobal
