
Microsoft Visual Studio Solution File, Format Version 12.00
# Visual Studio Version 17
VisualStudioVersion = 17.7.34018.315
MinimumVisualStudioVersion = 10.0.40219.1
Project("{9A19103F-16F7-4668-BE54-9A1E7A4F7556}") = "Dashboard.Hosts.Api", "Dashboard.Hosts.Api.csproj", "{6308BD61-6B7D-4C93-9260-78152DC09DF9}"
EndProject
Project("{2150E333-8FDC-42A3-9474-1A3956D46DE8}") = "Dashboard.Domain", "Dashboard.Domain", "{A45F5573-7EB1-4CA7-B24C-123A88FDDFDA}"
EndProject
Project("{9A19103F-16F7-4668-BE54-9A1E7A4F7556}") = "Dashboard.Domain", "..\..\Dashboard.Domain\Dashboard.Domain.csproj", "{62671D1F-35B1-4DEB-AF36-FF60C965FC2C}"
EndProject
Project("{2150E333-8FDC-42A3-9474-1A3956D46DE8}") = "Dashboard.Hosts", "Dashboard.Hosts", "{DF683BEF-7913-41EE-8B28-29421ECA2FE4}"
EndProject
Project("{2150E333-8FDC-42A3-9474-1A3956D46DE8}") = "Dashboard.Clients", "Dashboard.Clients", "{9ABA49E7-AF56-422A-A3E9-EF226F4DE35B}"
EndProject
Project("{9A19103F-16F7-4668-BE54-9A1E7A4F7556}") = "Dashboard.Clients", "..\..\Dashboard.Clients\Dashboard.Clients.csproj", "{E8CD36D2-0326-4507-B4B2-A658D15A2B80}"
EndProject
Project("{2150E333-8FDC-42A3-9474-1A3956D46DE8}") = "Dashboard.Contracts", "Dashboard.Contracts", "{00AEDBBC-D426-4E59-962E-CD091DAF801F}"
EndProject
Project("{9A19103F-16F7-4668-BE54-9A1E7A4F7556}") = "Dashboard.Contracts", "..\..\Dashboard.Contracts\Dashboard.Contracts.csproj", "{D3FDDFF9-D714-4BEA-9F93-9CD91BE680D6}"
EndProject
Project("{2150E333-8FDC-42A3-9474-1A3956D46DE8}") = "Dashboard.Infrastructure", "Dashboard.Infrastructure", "{F2F7D1E2-5058-4494-BA5E-C271B7A5B7BD}"
EndProject
Project("{FAE04EC0-301F-11D3-BF4B-00C04F79EFBC}") = "Dashboard.Infrastructure.DataAccess", "..\..\Infrastructure\Dashboard.Infrastructure.DataAccess\Dashboard.Infrastructure.DataAccess.csproj", "{407F8124-48AA-4C49-89C2-CE67E84DAECF}"
EndProject
Project("{FAE04EC0-301F-11D3-BF4B-00C04F79EFBC}") = "Dashboard.Infrastructure", "..\..\Infrastructure\Dashboard.Infrastructure\Dashboard.Infrastructure\Dashboard.Infrastructure.csproj", "{3CAA5F73-D7FB-4B35-99B5-5E0477C871FA}"
EndProject
Project("{FAE04EC0-301F-11D3-BF4B-00C04F79EFBC}") = "Dashboard.AppServices", "..\..\Dashboard.Application\Dashboard.AppServices\Dashboard.AppServices.csproj", "{8F553F41-8D36-4B82-BC8E-F908A6D2CABC}"
EndProject
Project("{2150E333-8FDC-42A3-9474-1A3956D46DE8}") = "Dashboard.Application", "Dashboard.Application", "{0135A8F8-9C96-4B74-9E77-59575B836D6B}"
EndProject
Global
	GlobalSection(SolutionConfigurationPlatforms) = preSolution
		Debug|Any CPU = Debug|Any CPU
		Release|Any CPU = Release|Any CPU
	EndGlobalSection
	GlobalSection(ProjectConfigurationPlatforms) = postSolution
		{6308BD61-6B7D-4C93-9260-78152DC09DF9}.Debug|Any CPU.ActiveCfg = Debug|Any CPU
		{6308BD61-6B7D-4C93-9260-78152DC09DF9}.Debug|Any CPU.Build.0 = Debug|Any CPU
		{6308BD61-6B7D-4C93-9260-78152DC09DF9}.Release|Any CPU.ActiveCfg = Release|Any CPU
		{6308BD61-6B7D-4C93-9260-78152DC09DF9}.Release|Any CPU.Build.0 = Release|Any CPU
		{62671D1F-35B1-4DEB-AF36-FF60C965FC2C}.Debug|Any CPU.ActiveCfg = Debug|Any CPU
		{62671D1F-35B1-4DEB-AF36-FF60C965FC2C}.Debug|Any CPU.Build.0 = Debug|Any CPU
		{62671D1F-35B1-4DEB-AF36-FF60C965FC2C}.Release|Any CPU.ActiveCfg = Release|Any CPU
		{62671D1F-35B1-4DEB-AF36-FF60C965FC2C}.Release|Any CPU.Build.0 = Release|Any CPU
		{E8CD36D2-0326-4507-B4B2-A658D15A2B80}.Debug|Any CPU.ActiveCfg = Debug|Any CPU
		{E8CD36D2-0326-4507-B4B2-A658D15A2B80}.Debug|Any CPU.Build.0 = Debug|Any CPU
		{E8CD36D2-0326-4507-B4B2-A658D15A2B80}.Release|Any CPU.ActiveCfg = Release|Any CPU
		{E8CD36D2-0326-4507-B4B2-A658D15A2B80}.Release|Any CPU.Build.0 = Release|Any CPU
		{D3FDDFF9-D714-4BEA-9F93-9CD91BE680D6}.Debug|Any CPU.ActiveCfg = Debug|Any CPU
		{D3FDDFF9-D714-4BEA-9F93-9CD91BE680D6}.Debug|Any CPU.Build.0 = Debug|Any CPU
		{D3FDDFF9-D714-4BEA-9F93-9CD91BE680D6}.Release|Any CPU.ActiveCfg = Release|Any CPU
		{D3FDDFF9-D714-4BEA-9F93-9CD91BE680D6}.Release|Any CPU.Build.0 = Release|Any CPU
		{407F8124-48AA-4C49-89C2-CE67E84DAECF}.Debug|Any CPU.ActiveCfg = Debug|Any CPU
		{407F8124-48AA-4C49-89C2-CE67E84DAECF}.Debug|Any CPU.Build.0 = Debug|Any CPU
		{407F8124-48AA-4C49-89C2-CE67E84DAECF}.Release|Any CPU.ActiveCfg = Release|Any CPU
		{407F8124-48AA-4C49-89C2-CE67E84DAECF}.Release|Any CPU.Build.0 = Release|Any CPU
		{3CAA5F73-D7FB-4B35-99B5-5E0477C871FA}.Debug|Any CPU.ActiveCfg = Debug|Any CPU
		{3CAA5F73-D7FB-4B35-99B5-5E0477C871FA}.Debug|Any CPU.Build.0 = Debug|Any CPU
		{3CAA5F73-D7FB-4B35-99B5-5E0477C871FA}.Release|Any CPU.ActiveCfg = Release|Any CPU
		{3CAA5F73-D7FB-4B35-99B5-5E0477C871FA}.Release|Any CPU.Build.0 = Release|Any CPU
		{8F553F41-8D36-4B82-BC8E-F908A6D2CABC}.Debug|Any CPU.ActiveCfg = Debug|Any CPU
		{8F553F41-8D36-4B82-BC8E-F908A6D2CABC}.Debug|Any CPU.Build.0 = Debug|Any CPU
		{8F553F41-8D36-4B82-BC8E-F908A6D2CABC}.Release|Any CPU.ActiveCfg = Release|Any CPU
		{8F553F41-8D36-4B82-BC8E-F908A6D2CABC}.Release|Any CPU.Build.0 = Release|Any CPU
	EndGlobalSection
	GlobalSection(SolutionProperties) = preSolution
		HideSolutionNode = FALSE
	EndGlobalSection
	GlobalSection(NestedProjects) = preSolution
		{6308BD61-6B7D-4C93-9260-78152DC09DF9} = {DF683BEF-7913-41EE-8B28-29421ECA2FE4}
		{62671D1F-35B1-4DEB-AF36-FF60C965FC2C} = {A45F5573-7EB1-4CA7-B24C-123A88FDDFDA}
		{E8CD36D2-0326-4507-B4B2-A658D15A2B80} = {9ABA49E7-AF56-422A-A3E9-EF226F4DE35B}
		{D3FDDFF9-D714-4BEA-9F93-9CD91BE680D6} = {00AEDBBC-D426-4E59-962E-CD091DAF801F}
		{407F8124-48AA-4C49-89C2-CE67E84DAECF} = {F2F7D1E2-5058-4494-BA5E-C271B7A5B7BD}
		{3CAA5F73-D7FB-4B35-99B5-5E0477C871FA} = {F2F7D1E2-5058-4494-BA5E-C271B7A5B7BD}
		{8F553F41-8D36-4B82-BC8E-F908A6D2CABC} = {0135A8F8-9C96-4B74-9E77-59575B836D6B}
	EndGlobalSection
	GlobalSection(ExtensibilityGlobals) = postSolution
		SolutionGuid = {9C96CB5B-D7FA-4A86-9950-14BF84F00CBF}
	EndGlobalSection
EndGlobal
