
Microsoft Visual Studio Solution File, Format Version 12.00
# Visual Studio Version 17
VisualStudioVersion = 17.7.34018.315
MinimumVisualStudioVersion = 10.0.40219.1
Project("{FAE04EC0-301F-11D3-BF4B-00C04F79EFBC}") = "Dashboard.Clients", "Dashboard.Clients.csproj", "{A27DFCE4-B095-432F-BFC6-0276654BCD3A}"
EndProject
Global
	GlobalSection(SolutionConfigurationPlatforms) = preSolution
		Debug|Any CPU = Debug|Any CPU
		Release|Any CPU = Release|Any CPU
	EndGlobalSection
	GlobalSection(ProjectConfigurationPlatforms) = postSolution
		{A27DFCE4-B095-432F-BFC6-0276654BCD3A}.Debug|Any CPU.ActiveCfg = Debug|Any CPU
		{A27DFCE4-B095-432F-BFC6-0276654BCD3A}.Debug|Any CPU.Build.0 = Debug|Any CPU
		{A27DFCE4-B095-432F-BFC6-0276654BCD3A}.Release|Any CPU.ActiveCfg = Release|Any CPU
		{A27DFCE4-B095-432F-BFC6-0276654BCD3A}.Release|Any CPU.Build.0 = Release|Any CPU
	EndGlobalSection
	GlobalSection(SolutionProperties) = preSolution
		HideSolutionNode = FALSE
	EndGlobalSection
	GlobalSection(ExtensibilityGlobals) = postSolution
		SolutionGuid = {06A0B8B8-0E07-4223-BE08-034A90384862}
	EndGlobalSection
EndGlobal
